
Microsoft Visual Studio Solution File, Format Version 12.00
# Visual Studio Version 16
VisualStudioVersion = 25.0.1704.3
MinimumVisualStudioVersion = 10.0.40219.1
Project("{FAE04EC0-301F-11D3-BF4B-00C04F79EFBC}") = "Blog", "Blog.csproj", "{7BF7BAB7-C104-496E-A62D-3BD1EB593BA3}"
EndProject
Global
	GlobalSection(SolutionConfigurationPlatforms) = preSolution
		Debug|Any CPU = Debug|Any CPU
		Release|Any CPU = Release|Any CPU
	EndGlobalSection
	GlobalSection(ProjectConfigurationPlatforms) = postSolution
		{7BF7BAB7-C104-496E-A62D-3BD1EB593BA3}.Debug|Any CPU.ActiveCfg = Debug|Any CPU
		{7BF7BAB7-C104-496E-A62D-3BD1EB593BA3}.Debug|Any CPU.Build.0 = Debug|Any CPU
		{7BF7BAB7-C104-496E-A62D-3BD1EB593BA3}.Release|Any CPU.ActiveCfg = Release|Any CPU
		{7BF7BAB7-C104-496E-A62D-3BD1EB593BA3}.Release|Any CPU.Build.0 = Release|Any CPU
	EndGlobalSection
	GlobalSection(SolutionProperties) = preSolution
		HideSolutionNode = FALSE
	EndGlobalSection
	GlobalSection(ExtensibilityGlobals) = postSolution
		SolutionGuid = {DDDCFAA6-A83E-4693-BBE2-C110E9AD79C7}
	EndGlobalSection
EndGlobal
